
Microsoft Visual Studio Solution File, Format Version 12.00
# Visual Studio Version 17
VisualStudioVersion = 17.0.31903.59
MinimumVisualStudioVersion = 10.0.40219.1
Project("{FAE04EC0-301F-11D3-BF4B-00C04F79EFBC}") = "PaymentContext.Domanin", "PaymentContext.Domanin\PaymentContext.Domanin.csproj", "{CFC4787F-92FC-4890-9761-7B72AF7DBF04}"
EndProject
Project("{FAE04EC0-301F-11D3-BF4B-00C04F79EFBC}") = "PaymentContext.Shared", "PaymentContext.Shared\PaymentContext.Shared.csproj", "{E048950E-F0AA-4CDA-8E58-F1734CB19D0A}"
EndProject
Project("{FAE04EC0-301F-11D3-BF4B-00C04F79EFBC}") = "PaymentContext.Tests", "PaymentContext.Tests\PaymentContext.Tests.csproj", "{5C791824-6CD0-4E64-BEDD-7A1A0008F630}"
EndProject
Global
	GlobalSection(SolutionConfigurationPlatforms) = preSolution
		Debug|Any CPU = Debug|Any CPU
		Release|Any CPU = Release|Any CPU
	EndGlobalSection
	GlobalSection(SolutionProperties) = preSolution
		HideSolutionNode = FALSE
	EndGlobalSection
	GlobalSection(ProjectConfigurationPlatforms) = postSolution
		{CFC4787F-92FC-4890-9761-7B72AF7DBF04}.Debug|Any CPU.ActiveCfg = Debug|Any CPU
		{CFC4787F-92FC-4890-9761-7B72AF7DBF04}.Debug|Any CPU.Build.0 = Debug|Any CPU
		{CFC4787F-92FC-4890-9761-7B72AF7DBF04}.Release|Any CPU.ActiveCfg = Release|Any CPU
		{CFC4787F-92FC-4890-9761-7B72AF7DBF04}.Release|Any CPU.Build.0 = Release|Any CPU
		{E048950E-F0AA-4CDA-8E58-F1734CB19D0A}.Debug|Any CPU.ActiveCfg = Debug|Any CPU
		{E048950E-F0AA-4CDA-8E58-F1734CB19D0A}.Debug|Any CPU.Build.0 = Debug|Any CPU
		{E048950E-F0AA-4CDA-8E58-F1734CB19D0A}.Release|Any CPU.ActiveCfg = Release|Any CPU
		{E048950E-F0AA-4CDA-8E58-F1734CB19D0A}.Release|Any CPU.Build.0 = Release|Any CPU
		{5C791824-6CD0-4E64-BEDD-7A1A0008F630}.Debug|Any CPU.ActiveCfg = Debug|Any CPU
		{5C791824-6CD0-4E64-BEDD-7A1A0008F630}.Debug|Any CPU.Build.0 = Debug|Any CPU
		{5C791824-6CD0-4E64-BEDD-7A1A0008F630}.Release|Any CPU.ActiveCfg = Release|Any CPU
		{5C791824-6CD0-4E64-BEDD-7A1A0008F630}.Release|Any CPU.Build.0 = Release|Any CPU
	EndGlobalSection
EndGlobal
